
Microsoft Visual Studio Solution File, Format Version 12.00
# Visual Studio Version 16
VisualStudioVersion = 16.0.33027.164
MinimumVisualStudioVersion = 10.0.40219.1
Project("{FAE04EC0-301F-11D3-BF4B-00C04F79EFBC}") = "MaxSubsetSumNoAdjacent", "MaxSubsetSumNoAdjacent\MaxSubsetSumNoAdjacent.csproj", "{96630581-F6C3-42CF-BDA8-38A6A46BDA82}"
EndProject
Project("{FAE04EC0-301F-11D3-BF4B-00C04F79EFBC}") = "NumberOfWaysToMakeChange", "NumberOfWaysToMakeChange\NumberOfWaysToMakeChange.csproj", "{86229433-273E-4290-A101-F4D152B6C675}"
EndProject
Global
	GlobalSection(SolutionConfigurationPlatforms) = preSolution
		Debug|Any CPU = Debug|Any CPU
		Release|Any CPU = Release|Any CPU
	EndGlobalSection
	GlobalSection(ProjectConfigurationPlatforms) = postSolution
		{96630581-F6C3-42CF-BDA8-38A6A46BDA82}.Debug|Any CPU.ActiveCfg = Debug|Any CPU
		{96630581-F6C3-42CF-BDA8-38A6A46BDA82}.Debug|Any CPU.Build.0 = Debug|Any CPU
		{96630581-F6C3-42CF-BDA8-38A6A46BDA82}.Release|Any CPU.ActiveCfg = Release|Any CPU
		{96630581-F6C3-42CF-BDA8-38A6A46BDA82}.Release|Any CPU.Build.0 = Release|Any CPU
		{86229433-273E-4290-A101-F4D152B6C675}.Debug|Any CPU.ActiveCfg = Debug|Any CPU
		{86229433-273E-4290-A101-F4D152B6C675}.Debug|Any CPU.Build.0 = Debug|Any CPU
		{86229433-273E-4290-A101-F4D152B6C675}.Release|Any CPU.ActiveCfg = Release|Any CPU
		{86229433-273E-4290-A101-F4D152B6C675}.Release|Any CPU.Build.0 = Release|Any CPU
	EndGlobalSection
	GlobalSection(SolutionProperties) = preSolution
		HideSolutionNode = FALSE
	EndGlobalSection
	GlobalSection(ExtensibilityGlobals) = postSolution
		SolutionGuid = {AAB4CC66-D4F2-4476-9491-5D35C2032E3B}
	EndGlobalSection
EndGlobal
